# This file is automatically @generated by Cargo.
# It is not intended for manual editing.
version = 3

[[package]]
name = "dedup"
version = "0.1.0"
dependencies = [
 "xxhash-rust",
]

[[package]]
name = "xxhash-rust"
version = "0.8.11"
source = "registry+https://github.com/rust-lang/crates.io-index"
checksum = "63658493314859b4dfdf3fb8c1defd61587839def09582db50b8a4e93afca6bb"
